
Microsoft Visual Studio Solution File, Format Version 12.00
# Visual Studio Version 16
VisualStudioVersion = 16.0.30503.244
MinimumVisualStudioVersion = 10.0.40219.1
Project("{9A19103F-16F7-4668-BE54-9A1E7A4F7556}") = "Raumklima", "Raumklima.csproj", "{2DA3AAF3-A8C8-4A98-A1E3-0C59202727D1}"
EndProject
Project("{9A19103F-16F7-4668-BE54-9A1E7A4F7556}") = "DataAccesLibrary", "..\DataAccesLibrary\DataAccesLibrary.csproj", "{2D818FAD-4188-4DD4-B196-538373AEFC55}"
EndProject
Global
	GlobalSection(SolutionConfigurationPlatforms) = preSolution
		Debug|Any CPU = Debug|Any CPU
		Release|Any CPU = Release|Any CPU
	EndGlobalSection
	GlobalSection(ProjectConfigurationPlatforms) = postSolution
		{2DA3AAF3-A8C8-4A98-A1E3-0C59202727D1}.Debug|Any CPU.ActiveCfg = Debug|Any CPU
		{2DA3AAF3-A8C8-4A98-A1E3-0C59202727D1}.Debug|Any CPU.Build.0 = Debug|Any CPU
		{2DA3AAF3-A8C8-4A98-A1E3-0C59202727D1}.Release|Any CPU.ActiveCfg = Release|Any CPU
		{2DA3AAF3-A8C8-4A98-A1E3-0C59202727D1}.Release|Any CPU.Build.0 = Release|Any CPU
		{2D818FAD-4188-4DD4-B196-538373AEFC55}.Debug|Any CPU.ActiveCfg = Debug|Any CPU
		{2D818FAD-4188-4DD4-B196-538373AEFC55}.Debug|Any CPU.Build.0 = Debug|Any CPU
		{2D818FAD-4188-4DD4-B196-538373AEFC55}.Release|Any CPU.ActiveCfg = Release|Any CPU
		{2D818FAD-4188-4DD4-B196-538373AEFC55}.Release|Any CPU.Build.0 = Release|Any CPU
	EndGlobalSection
	GlobalSection(SolutionProperties) = preSolution
		HideSolutionNode = FALSE
	EndGlobalSection
	GlobalSection(ExtensibilityGlobals) = postSolution
		SolutionGuid = {0F135BE6-FB63-4FE6-B105-D0EA27AF7A51}
	EndGlobalSection
EndGlobal
